// !$*UTF8*$!
{
	archiveVersion = 1;
	classes = {
	};
	objectVersion = 77;
	objects = {

/* Begin PBXBuildFile section */
		2A24D42AAE47B17400966A5D /* NaviWidgets.appex in Embed Foundation Extensions */ = {isa = PBXBuildFile; fileRef = 33E2A874B8E6F39AE732042C /* NaviWidgets.appex */; settings = {ATTRIBUTES = (RemoveHeadersOnCopy, ); }; };
		4C868060D5EC4C29B6DEB3EB /* WidgetKit.framework in Frameworks */ = {isa = PBXBuildFile; fileRef = F32C0CB0A2568D7CC13D0118 /* WidgetKit.framework */; };
		67BDBD079D3192140C0A1E0E /* NaviWidgets.swift in Sources */ = {isa = PBXBuildFile; fileRef = B9E50F4B68E18261B8CBC312 /* NaviWidgets.swift */; };
		6BA6E8FA3EB14BCA6345F50C /* SwiftUI.framework in Frameworks */ = {isa = PBXBuildFile; fileRef = 3E4F9A3E788F072CD944AFAD /* SwiftUI.framework */; };
		8CE8BFF14DA7917188CD2116 /* Pods_beidou.framework in Frameworks */ = {isa = PBXBuildFile; fileRef = EE73346B0748E6F7492897DA /* Pods_beidou.framework */; };
		EE45A85B7F1D5773B83A020C /* Foundation.framework in Frameworks */ = {isa = PBXBuildFile; fileRef = F3795F649A9D1FCE589D192A /* Foundation.framework */; };
/* End PBXBuildFile section */

/* Begin PBXContainerItemProxy section */
		49F6AD862FC34CECD2D69F15 /* PBXContainerItemProxy */ = {
			isa = PBXContainerItemProxy;
			containerPortal = DD3006CC2FD9954F000832DD /* Project object */;
			proxyType = 1;
			remoteGlobalIDString = 6E274EA8B1915DB183CC8DD9;
			remoteInfo = NaviWidgets;
		};
/* End PBXContainerItemProxy section */

/* Begin PBXCopyFilesBuildPhase section */
		7FB1BA88B8FDB081237D3DAE /* Embed Foundation Extensions */ = {
			isa = PBXCopyFilesBuildPhase;
			buildActionMask = 2147483647;
			dstPath = "";
			dstSubfolderSpec = 13;
			files = (
				2A24D42AAE47B17400966A5D /* NaviWidgets.appex in Embed Foundation Extensions */,
			);
			name = "Embed Foundation Extensions";
			runOnlyForDeploymentPostprocessing = 0;
		};
/* End PBXCopyFilesBuildPhase section */

/* Begin PBXFileReference section */
		33E2A874B8E6F39AE732042C /* NaviWidgets.appex */ = {isa = PBXFileReference; explicitFileType = "wrapper.app-extension"; includeInIndex = 0; path = NaviWidgets.appex; sourceTree = BUILT_PRODUCTS_DIR; };
		3E4F9A3E788F072CD944AFAD /* SwiftUI.framework */ = {isa = PBXFileReference; lastKnownFileType = wrapper.framework; name = SwiftUI.framework; path = System/Library/Frameworks/SwiftUI.framework; sourceTree = "<group>"; };
		6824430FE0EEDE688C22C7F7 /* Pods-beidou.release.xcconfig */ = {isa = PBXFileReference; includeInIndex = 1; lastKnownFileType = text.xcconfig; name = "Pods-beidou.release.xcconfig"; path = "Target Support Files/Pods-beidou/Pods-beidou.release.xcconfig"; sourceTree = "<group>"; };
		B9E50F4B68E18261B8CBC312 /* NaviWidgets.swift */ = {isa = PBXFileReference; includeInIndex = 1; lastKnownFileType = sourcecode.swift; path = NaviWidgets.swift; sourceTree = "<group>"; };
		BC1FADF56EBCF5559E531933 /* Pods-beidou.debug.xcconfig */ = {isa = PBXFileReference; includeInIndex = 1; lastKnownFileType = text.xcconfig; name = "Pods-beidou.debug.xcconfig"; path = "Target Support Files/Pods-beidou/Pods-beidou.debug.xcconfig"; sourceTree = "<group>"; };
		DD3006D42FD9954F000832DD /* beidou.app */ = {isa = PBXFileReference; explicitFileType = wrapper.application; includeInIndex = 0; path = beidou.app; sourceTree = BUILT_PRODUCTS_DIR; };
		EE73346B0748E6F7492897DA /* Pods_beidou.framework */ = {isa = PBXFileReference; explicitFileType = wrapper.framework; includeInIndex = 0; path = Pods_beidou.framework; sourceTree = BUILT_PRODUCTS_DIR; };
		F32C0CB0A2568D7CC13D0118 /* WidgetKit.framework */ = {isa = PBXFileReference; lastKnownFileType = wrapper.framework; name = WidgetKit.framework; path = System/Library/Frameworks/WidgetKit.framework; sourceTree = "<group>"; };
		F3795F649A9D1FCE589D192A /* Foundation.framework */ = {isa = PBXFileReference; lastKnownFileType = wrapper.framework; name = Foundation.framework; path = Platforms/iPhoneOS.platform/Developer/SDKs/iPhoneOS18.0.sdk/System/Library/Frameworks/Foundation.framework; sourceTree = DEVELOPER_DIR; };
		F7C29C967C2C33A6D9EE7099 /* Info.plist */ = {isa = PBXFileReference; includeInIndex = 1; lastKnownFileType = text.plist.xml; path = Info.plist; sourceTree = "<group>"; };
/* End PBXFileReference section */

/* Begin PBXFileSystemSynchronizedBuildFileExceptionSet section */
		ECCBB0D3A2293C4958858CF7 /* Exceptions for "beidou" folder in "beidou" target */ = {
			isa = PBXFileSystemSynchronizedBuildFileExceptionSet;
			membershipExceptions = (
				Info.plist,
			);
			target = DD3006D32FD9954F000832DD /* beidou */;
		};
/* End PBXFileSystemSynchronizedBuildFileExceptionSet section */

/* Begin PBXFileSystemSynchronizedRootGroup section */
		DD3006D62FD9954F000832DD /* beidou */ = {
			isa = PBXFileSystemSynchronizedRootGroup;
			exceptions = (
				ECCBB0D3A2293C4958858CF7 /* Exceptions for "beidou" folder in "beidou" target */,
			);
			path = beidou;
			sourceTree = "<group>";
		};
/* End PBXFileSystemSynchronizedRootGroup section */

/* Begin PBXFrameworksBuildPhase section */
		4C39F526DEA7C4917DD90553 /* Frameworks */ = {
			isa = PBXFrameworksBuildPhase;
			buildActionMask = 2147483647;
			files = (
				EE45A85B7F1D5773B83A020C /* Foundation.framework in Frameworks */,
				4C868060D5EC4C29B6DEB3EB /* WidgetKit.framework in Frameworks */,
				6BA6E8FA3EB14BCA6345F50C /* SwiftUI.framework in Frameworks */,
			);
			runOnlyForDeploymentPostprocessing = 0;
		};
		DD3006D12FD9954F000832DD /* Frameworks */ = {
			isa = PBXFrameworksBuildPhase;
			buildActionMask = 2147483647;
			files = (
				8CE8BFF14DA7917188CD2116 /* Pods_beidou.framework in Frameworks */,
			);
			runOnlyForDeploymentPostprocessing = 0;
		};
/* End PBXFrameworksBuildPhase section */

/* Begin PBXGroup section */
		922805043CC981D1622FED90 /* NaviWidgets */ = {
			isa = PBXGroup;
			children = (
				B9E50F4B68E18261B8CBC312 /* NaviWidgets.swift */,
				F7C29C967C2C33A6D9EE7099 /* Info.plist */,
			);
			path = NaviWidgets;
			sourceTree = "<group>";
		};
		A8623866A73397F5055FA7B4 /* Frameworks */ = {
			isa = PBXGroup;
			children = (
				EE73346B0748E6F7492897DA /* Pods_beidou.framework */,
				DC5C707A2F82F3BEB14D76D4 /* iOS */,
				F32C0CB0A2568D7CC13D0118 /* WidgetKit.framework */,
				3E4F9A3E788F072CD944AFAD /* SwiftUI.framework */,
			);
			name = Frameworks;
			sourceTree = "<group>";
		};
		B993200EA3295FB02FF4442B /* Pods */ = {
			isa = PBXGroup;
			children = (
				BC1FADF56EBCF5559E531933 /* Pods-beidou.debug.xcconfig */,
				6824430FE0EEDE688C22C7F7 /* Pods-beidou.release.xcconfig */,
			);
			path = Pods;
			sourceTree = "<group>";
		};
		DC5C707A2F82F3BEB14D76D4 /* iOS */ = {
			isa = PBXGroup;
			children = (
				F3795F649A9D1FCE589D192A /* Foundation.framework */,
			);
			name = iOS;
			sourceTree = "<group>";
		};
		DD3006CB2FD9954F000832DD = {
			isa = PBXGroup;
			children = (
				DD3006D62FD9954F000832DD /* beidou */,
				DD3006D52FD9954F000832DD /* Products */,
				B993200EA3295FB02FF4442B /* Pods */,
				A8623866A73397F5055FA7B4 /* Frameworks */,
				922805043CC981D1622FED90 /* NaviWidgets */,
			);
			sourceTree = "<group>";
		};
		DD3006D52FD9954F000832DD /* Products */ = {
			isa = PBXGroup;
			children = (
				DD3006D42FD9954F000832DD /* beidou.app */,
				33E2A874B8E6F39AE732042C /* NaviWidgets.appex */,
			);
			name = Products;
			sourceTree = "<group>";
		};
/* End PBXGroup section */

/* Begin PBXNativeTarget section */
		6E274EA8B1915DB183CC8DD9 /* NaviWidgets */ = {
			isa = PBXNativeTarget;
			buildConfigurationList = 88434EBEBA54F42D8F0E90C1 /* Build configuration list for PBXNativeTarget "NaviWidgets" */;
			buildPhases = (
				2A7A7121A5184C3EB05941C0 /* Sources */,
				4C39F526DEA7C4917DD90553 /* Frameworks */,
				A54A3E96AF5BA9B2723E3617 /* Resources */,
			);
			buildRules = (
			);
			dependencies = (
			);
			name = NaviWidgets;
			productName = NaviWidgets;
			productReference = 33E2A874B8E6F39AE732042C /* NaviWidgets.appex */;
			productType = "com.apple.product-type.app-extension";
		};
		DD3006D32FD9954F000832DD /* beidou */ = {
			isa = PBXNativeTarget;
			buildConfigurationList = DD3006E12FD9954F000832DD /* Build configuration list for PBXNativeTarget "beidou" */;
			buildPhases = (
				AAC4B1A3B7E5ED306D17F8FF /* [CP] Check Pods Manifest.lock */,
				DD3006D02FD9954F000832DD /* Sources */,
				DD3006D12FD9954F000832DD /* Frameworks */,
				DD3006D22FD9954F000832DD /* Resources */,
				50D963652852350A7DD72C33 /* [CP] Copy Pods Resources */,
				7FB1BA88B8FDB081237D3DAE /* Embed Foundation Extensions */,
			);
			buildRules = (
			);
			dependencies = (
				4FF50BF31D45B1A732EFA756 /* PBXTargetDependency */,
			);
			fileSystemSynchronizedGroups = (
				DD3006D62FD9954F000832DD /* beidou */,
			);
			name = beidou;
			productName = beidou;
			productReference = DD3006D42FD9954F000832DD /* beidou.app */;
			productType = "com.apple.product-type.application";
		};
/* End PBXNativeTarget section */

/* Begin PBXProject section */
		DD3006CC2FD9954F000832DD /* Project object */ = {
			isa = PBXProject;
			attributes = {
				BuildIndependentTargetsInParallel = 1;
				LastSwiftUpdateCheck = 2650;
				LastUpgradeCheck = 2650;
				TargetAttributes = {
					DD3006D32FD9954F000832DD = {
						CreatedOnToolsVersion = 26.5;
					};
				};
			};
			buildConfigurationList = DD3006CF2FD9954F000832DD /* Build configuration list for PBXProject "beidou" */;
			developmentRegion = en;
			hasScannedForEncodings = 0;
			knownRegions = (
				en,
				Base,
				"zh-Hans",
			);
			mainGroup = DD3006CB2FD9954F000832DD;
			minimizedProjectReferenceProxies = 1;
			preferredProjectObjectVersion = 77;
			productRefGroup = DD3006D52FD9954F000832DD /* Products */;
			projectDirPath = "";
			projectRoot = "";
			targets = (
				DD3006D32FD9954F000832DD /* beidou */,
				6E274EA8B1915DB183CC8DD9 /* NaviWidgets */,
			);
		};
/* End PBXProject section */

/* Begin PBXResourcesBuildPhase section */
		A54A3E96AF5BA9B2723E3617 /* Resources */ = {
			isa = PBXResourcesBuildPhase;
			buildActionMask = 2147483647;
			files = (
			);
			runOnlyForDeploymentPostprocessing = 0;
		};
		DD3006D22FD9954F000832DD /* Resources */ = {
			isa = PBXResourcesBuildPhase;
			buildActionMask = 2147483647;
			files = (
			);
			runOnlyForDeploymentPostprocessing = 0;
		};
/* End PBXResourcesBuildPhase section */

/* Begin PBXShellScriptBuildPhase section */
		50D963652852350A7DD72C33 /* [CP] Copy Pods Resources */ = {
			isa = PBXShellScriptBuildPhase;
			buildActionMask = 2147483647;
			files = (
			);
			inputFileListPaths = (
				"${PODS_ROOT}/Target Support Files/Pods-beidou/Pods-beidou-resources-${CONFIGURATION}-input-files.xcfilelist",
			);
			inputPaths = (
			);
			name = "[CP] Copy Pods Resources";
			outputFileListPaths = (
				"${PODS_ROOT}/Target Support Files/Pods-beidou/Pods-beidou-resources-${CONFIGURATION}-output-files.xcfilelist",
			);
			outputPaths = (
			);
			runOnlyForDeploymentPostprocessing = 0;
			shellPath = /bin/sh;
			shellScript = "\"${PODS_ROOT}/Target Support Files/Pods-beidou/Pods-beidou-resources.sh\"\n";
			showEnvVarsInLog = 0;
		};
		AAC4B1A3B7E5ED306D17F8FF /* [CP] Check Pods Manifest.lock */ = {
			isa = PBXShellScriptBuildPhase;
			buildActionMask = 2147483647;
			files = (
			);
			inputFileListPaths = (
			);
			inputPaths = (
				"${PODS_PODFILE_DIR_PATH}/Podfile.lock",
				"${PODS_ROOT}/Manifest.lock",
			);
			name = "[CP] Check Pods Manifest.lock";
			outputFileListPaths = (
			);
			outputPaths = (
				"$(DERIVED_FILE_DIR)/Pods-beidou-checkManifestLockResult.txt",
			);
			runOnlyForDeploymentPostprocessing = 0;
			shellPath = /bin/sh;
			shellScript = "diff \"${PODS_PODFILE_DIR_PATH}/Podfile.lock\" \"${PODS_ROOT}/Manifest.lock\" > /dev/null\nif [ $? != 0 ] ; then\n    # print error to STDERR\n    echo \"error: The sandbox is not in sync with the Podfile.lock. Run 'pod install' or update your CocoaPods installation.\" >&2\n    exit 1\nfi\n# This output is used by Xcode 'outputs' to avoid re-running this script phase.\necho \"SUCCESS\" > \"${SCRIPT_OUTPUT_FILE_0}\"\n";
			showEnvVarsInLog = 0;
		};
/* End PBXShellScriptBuildPhase section */

/* Begin PBXSourcesBuildPhase section */
		2A7A7121A5184C3EB05941C0 /* Sources */ = {
			isa = PBXSourcesBuildPhase;
			buildActionMask = 2147483647;
			files = (
				67BDBD079D3192140C0A1E0E /* NaviWidgets.swift in Sources */,
			);
			runOnlyForDeploymentPostprocessing = 0;
		};
		DD3006D02FD9954F000832DD /* Sources */ = {
			isa = PBXSourcesBuildPhase;
			buildActionMask = 2147483647;
			files = (
			);
			runOnlyForDeploymentPostprocessing = 0;
		};
/* End PBXSourcesBuildPhase section */

/* Begin PBXTargetDependency section */
		4FF50BF31D45B1A732EFA756 /* PBXTargetDependency */ = {
			isa = PBXTargetDependency;
			name = NaviWidgets;
			target = 6E274EA8B1915DB183CC8DD9 /* NaviWidgets */;
			targetProxy = 49F6AD862FC34CECD2D69F15 /* PBXContainerItemProxy */;
		};
/* End PBXTargetDependency section */

/* Begin XCBuildConfiguration section */
		678EC18F43C3CE11D89FF040 /* Debug */ = {
			isa = XCBuildConfiguration;
			buildSettings = {
				APPLICATION_EXTENSION_API_ONLY = YES;
				CLANG_ENABLE_OBJC_WEAK = NO;
				CODE_SIGN_ENTITLEMENTS = NaviWidgets/NaviWidgets.entitlements;
				CODE_SIGN_STYLE = Automatic;
				CURRENT_PROJECT_VERSION = 48;
				DEVELOPMENT_TEAM = MF7G4UB9D9;
				GENERATE_INFOPLIST_FILE = NO;
				INFOPLIST_FILE = NaviWidgets/Info.plist;
				IPHONEOS_DEPLOYMENT_TARGET = 15.0;
				MARKETING_VERSION = 1.5.1;
				PRODUCT_BUNDLE_IDENTIFIER = cn.navibeidou.beidou.widgets;
				PRODUCT_NAME = "$(TARGET_NAME)";
				SDKROOT = iphoneos;
				SKIP_INSTALL = YES;
				SWIFT_VERSION = 5.0;
				TARGETED_DEVICE_FAMILY = "1,2";
			};
			name = Debug;
		};
		AD14922F5E14339993B885F3 /* Release */ = {
			isa = XCBuildConfiguration;
			buildSettings = {
				APPLICATION_EXTENSION_API_ONLY = YES;
				CLANG_ENABLE_OBJC_WEAK = NO;
				CODE_SIGN_ENTITLEMENTS = NaviWidgets/NaviWidgets.entitlements;
				CODE_SIGN_STYLE = Automatic;
				CURRENT_PROJECT_VERSION = 48;
				DEVELOPMENT_TEAM = MF7G4UB9D9;
				GENERATE_INFOPLIST_FILE = NO;
				INFOPLIST_FILE = NaviWidgets/Info.plist;
				IPHONEOS_DEPLOYMENT_TARGET = 15.0;
				MARKETING_VERSION = 1.5.1;
				PRODUCT_BUNDLE_IDENTIFIER = cn.navibeidou.beidou.widgets;
				PRODUCT_NAME = "$(TARGET_NAME)";
				SDKROOT = iphoneos;
				SKIP_INSTALL = YES;
				SWIFT_VERSION = 5.0;
				TARGETED_DEVICE_FAMILY = "1,2";
				VALIDATE_PRODUCT = YES;
			};
			name = Release;
		};
		DD3006DF2FD9954F000832DD /* Debug */ = {
			isa = XCBuildConfiguration;
			buildSettings = {
				ALWAYS_SEARCH_USER_PATHS = NO;
				ASSETCATALOG_COMPILER_GENERATE_SWIFT_ASSET_SYMBOL_EXTENSIONS = YES;
				CLANG_ANALYZER_NONNULL = YES;
				CLANG_ANALYZER_NUMBER_OBJECT_CONVERSION = YES_AGGRESSIVE;
				CLANG_CXX_LANGUAGE_STANDARD = "gnu++20";
				CLANG_ENABLE_MODULES = YES;
				CLANG_ENABLE_OBJC_ARC = YES;
				CLANG_ENABLE_OBJC_WEAK = YES;
				CLANG_WARN_BLOCK_CAPTURE_AUTORELEASING = YES;
				CLANG_WARN_BOOL_CONVERSION = YES;
				CLANG_WARN_COMMA = YES;
				CLANG_WARN_CONSTANT_CONVERSION = YES;
				CLANG_WARN_DEPRECATED_OBJC_IMPLEMENTATIONS = YES;
				CLANG_WARN_DIRECT_OBJC_ISA_USAGE = YES_ERROR;
				CLANG_WARN_DOCUMENTATION_COMMENTS = YES;
				CLANG_WARN_EMPTY_BODY = YES;
				CLANG_WARN_ENUM_CONVERSION = YES;
				CLANG_WARN_INFINITE_RECURSION = YES;
				CLANG_WARN_INT_CONVERSION = YES;
				CLANG_WARN_NON_LITERAL_NULL_CONVERSION = YES;
				CLANG_WARN_OBJC_IMPLICIT_RETAIN_SELF = YES;
				CLANG_WARN_OBJC_LITERAL_CONVERSION = YES;
				CLANG_WARN_OBJC_ROOT_CLASS = YES_ERROR;
				CLANG_WARN_QUOTED_INCLUDE_IN_FRAMEWORK_HEADER = YES;
				CLANG_WARN_RANGE_LOOP_ANALYSIS = YES;
				CLANG_WARN_STRICT_PROTOTYPES = YES;
				CLANG_WARN_SUSPICIOUS_MOVE = YES;
				CLANG_WARN_UNGUARDED_AVAILABILITY = YES_AGGRESSIVE;
				CLANG_WARN_UNREACHABLE_CODE = YES;
				CLANG_WARN__DUPLICATE_METHOD_MATCH = YES;
				COPY_PHASE_STRIP = NO;
				DEBUG_INFORMATION_FORMAT = dwarf;
				DEVELOPMENT_TEAM = MF7G4UB9D9;
				ENABLE_STRICT_OBJC_MSGSEND = YES;
				ENABLE_TESTABILITY = YES;
				ENABLE_USER_SCRIPT_SANDBOXING = NO;
				GCC_C_LANGUAGE_STANDARD = gnu17;
				GCC_DYNAMIC_NO_PIC = NO;
				GCC_NO_COMMON_BLOCKS = YES;
				GCC_OPTIMIZATION_LEVEL = 0;
				GCC_PREPROCESSOR_DEFINITIONS = (
					"DEBUG=1",
					"$(inherited)",
				);
				GCC_WARN_64_TO_32_BIT_CONVERSION = YES;
				GCC_WARN_ABOUT_RETURN_TYPE = YES_ERROR;
				GCC_WARN_UNDECLARED_SELECTOR = YES;
				GCC_WARN_UNINITIALIZED_AUTOS = YES_AGGRESSIVE;
				GCC_WARN_UNUSED_FUNCTION = YES;
				GCC_WARN_UNUSED_VARIABLE = YES;
				LOCALIZATION_PREFERS_STRING_CATALOGS = YES;
				MTL_ENABLE_DEBUG_INFO = INCLUDE_SOURCE;
				MTL_FAST_MATH = YES;
				ONLY_ACTIVE_ARCH = YES;
				SDKROOT = iphoneos;
				SUPPORTED_PLATFORMS = "iphoneos iphonesimulator";
				SUPPORTS_MAC_DESIGNED_FOR_IPHONE_IPAD = NO;
				SUPPORTS_XR_DESIGNED_FOR_IPHONE_IPAD = NO;
				SWIFT_ACTIVE_COMPILATION_CONDITIONS = "DEBUG $(inherited)";
				SWIFT_OPTIMIZATION_LEVEL = "-Onone";
				TARGETED_DEVICE_FAMILY = "1,2";
			};
			name = Debug;
		};
		DD3006E02FD9954F000832DD /* Release */ = {
			isa = XCBuildConfiguration;
			buildSettings = {
				ALWAYS_SEARCH_USER_PATHS = NO;
				ASSETCATALOG_COMPILER_GENERATE_SWIFT_ASSET_SYMBOL_EXTENSIONS = YES;
				CLANG_ANALYZER_NONNULL = YES;
				CLANG_ANALYZER_NUMBER_OBJECT_CONVERSION = YES_AGGRESSIVE;
				CLANG_CXX_LANGUAGE_STANDARD = "gnu++20";
				CLANG_ENABLE_MODULES = YES;
				CLANG_ENABLE_OBJC_ARC = YES;
				CLANG_ENABLE_OBJC_WEAK = YES;
				CLANG_WARN_BLOCK_CAPTURE_AUTORELEASING = YES;
				CLANG_WARN_BOOL_CONVERSION = YES;
				CLANG_WARN_COMMA = YES;
				CLANG_WARN_CONSTANT_CONVERSION = YES;
				CLANG_WARN_DEPRECATED_OBJC_IMPLEMENTATIONS = YES;
				CLANG_WARN_DIRECT_OBJC_ISA_USAGE = YES_ERROR;
				CLANG_WARN_DOCUMENTATION_COMMENTS = YES;
				CLANG_WARN_EMPTY_BODY = YES;
				CLANG_WARN_ENUM_CONVERSION = YES;
				CLANG_WARN_INFINITE_RECURSION = YES;
				CLANG_WARN_INT_CONVERSION = YES;
				CLANG_WARN_NON_LITERAL_NULL_CONVERSION = YES;
				CLANG_WARN_OBJC_IMPLICIT_RETAIN_SELF = YES;
				CLANG_WARN_OBJC_LITERAL_CONVERSION = YES;
				CLANG_WARN_OBJC_ROOT_CLASS = YES_ERROR;
				CLANG_WARN_QUOTED_INCLUDE_IN_FRAMEWORK_HEADER = YES;
				CLANG_WARN_RANGE_LOOP_ANALYSIS = YES;
				CLANG_WARN_STRICT_PROTOTYPES = YES;
				CLANG_WARN_SUSPICIOUS_MOVE = YES;
				CLANG_WARN_UNGUARDED_AVAILABILITY = YES_AGGRESSIVE;
				CLANG_WARN_UNREACHABLE_CODE = YES;
				CLANG_WARN__DUPLICATE_METHOD_MATCH = YES;
				COPY_PHASE_STRIP = NO;
				DEBUG_INFORMATION_FORMAT = "dwarf-with-dsym";
				DEVELOPMENT_TEAM = MF7G4UB9D9;
				ENABLE_NS_ASSERTIONS = NO;
				ENABLE_STRICT_OBJC_MSGSEND = YES;
				ENABLE_USER_SCRIPT_SANDBOXING = NO;
				GCC_C_LANGUAGE_STANDARD = gnu17;
				GCC_NO_COMMON_BLOCKS = YES;
				GCC_WARN_64_TO_32_BIT_CONVERSION = YES;
				GCC_WARN_ABOUT_RETURN_TYPE = YES_ERROR;
				GCC_WARN_UNDECLARED_SELECTOR = YES;
				GCC_WARN_UNINITIALIZED_AUTOS = YES_AGGRESSIVE;
				GCC_WARN_UNUSED_FUNCTION = YES;
				GCC_WARN_UNUSED_VARIABLE = YES;
				LOCALIZATION_PREFERS_STRING_CATALOGS = YES;
				MTL_ENABLE_DEBUG_INFO = NO;
				MTL_FAST_MATH = YES;
				SDKROOT = iphoneos;
				SUPPORTED_PLATFORMS = "iphoneos iphonesimulator";
				SUPPORTS_MAC_DESIGNED_FOR_IPHONE_IPAD = NO;
				SUPPORTS_XR_DESIGNED_FOR_IPHONE_IPAD = NO;
				SWIFT_COMPILATION_MODE = wholemodule;
				TARGETED_DEVICE_FAMILY = "1,2";
			};
			name = Release;
		};
		DD3006E22FD9954F000832DD /* Debug */ = {
			isa = XCBuildConfiguration;
			baseConfigurationReference = BC1FADF56EBCF5559E531933 /* Pods-beidou.debug.xcconfig */;
			buildSettings = {
				ASSETCATALOG_COMPILER_APPICON_NAME = AppIcon;
				ASSETCATALOG_COMPILER_GLOBAL_ACCENT_COLOR_NAME = AccentColor;
				CODE_SIGN_ENTITLEMENTS = beidou/beidou.entitlements;
				CODE_SIGN_IDENTITY = "Apple Development";
				CODE_SIGN_STYLE = Automatic;
				CURRENT_PROJECT_VERSION = 48;
				DEVELOPMENT_TEAM = MF7G4UB9D9;
				ENABLE_APP_SANDBOX = YES;
				ENABLE_HARDENED_RUNTIME = YES;
				ENABLE_PREVIEWS = YES;
				ENABLE_USER_SELECTED_FILES = readonly;
				GENERATE_INFOPLIST_FILE = NO;
				INFOPLIST_FILE = beidou/Info.plist;
				IPHONEOS_DEPLOYMENT_TARGET = 15;
				LD_RUNPATH_SEARCH_PATHS = (
					"$(inherited)",
					"@executable_path/Frameworks",
				);
				"LD_RUNPATH_SEARCH_PATHS[sdk=macosx*]" = (
					"$(inherited)",
					"@executable_path/../Frameworks",
				);
				MACOSX_DEPLOYMENT_TARGET = 26.4;
				MARKETING_VERSION = 1.5.1;
				PRODUCT_BUNDLE_IDENTIFIER = cn.navibeidou.beidou;
				PRODUCT_NAME = "$(TARGET_NAME)";
				PROVISIONING_PROFILE_SPECIFIER = "";
				REGISTER_APP_GROUPS = YES;
				SDKROOT = iphoneos;
				STRING_CATALOG_GENERATE_SYMBOLS = YES;
				SUPPORTED_PLATFORMS = "iphoneos iphonesimulator";
				SUPPORTS_MAC_DESIGNED_FOR_IPHONE_IPAD = NO;
				SUPPORTS_XR_DESIGNED_FOR_IPHONE_IPAD = NO;
				SWIFT_APPROACHABLE_CONCURRENCY = YES;
				SWIFT_DEFAULT_ACTOR_ISOLATION = MainActor;
				SWIFT_EMIT_LOC_STRINGS = YES;
				SWIFT_OBJC_BRIDGING_HEADER = "beidou/beidou-Bridging-Header.h";
				SWIFT_UPCOMING_FEATURE_MEMBER_IMPORT_VISIBILITY = YES;
				SWIFT_VERSION = 5.0;
				TARGETED_DEVICE_FAMILY = "1,2";
				XROS_DEPLOYMENT_TARGET = 26.5;
			};
			name = Debug;
		};
		DD3006E32FD9954F000832DD /* Release */ = {
			isa = XCBuildConfiguration;
			baseConfigurationReference = 6824430FE0EEDE688C22C7F7 /* Pods-beidou.release.xcconfig */;
			buildSettings = {
				ASSETCATALOG_COMPILER_APPICON_NAME = AppIcon;
				ASSETCATALOG_COMPILER_GLOBAL_ACCENT_COLOR_NAME = AccentColor;
				CODE_SIGN_ENTITLEMENTS = beidou/beidou.entitlements;
				CODE_SIGN_IDENTITY = "Apple Development";
				CODE_SIGN_STYLE = Automatic;
				CURRENT_PROJECT_VERSION = 48;
				DEVELOPMENT_TEAM = MF7G4UB9D9;
				ENABLE_APP_SANDBOX = YES;
				ENABLE_HARDENED_RUNTIME = YES;
				ENABLE_PREVIEWS = YES;
				ENABLE_USER_SELECTED_FILES = readonly;
				GENERATE_INFOPLIST_FILE = NO;
				INFOPLIST_FILE = beidou/Info.plist;
				IPHONEOS_DEPLOYMENT_TARGET = 15;
				LD_RUNPATH_SEARCH_PATHS = (
					"$(inherited)",
					"@executable_path/Frameworks",
				);
				"LD_RUNPATH_SEARCH_PATHS[sdk=macosx*]" = (
					"$(inherited)",
					"@executable_path/../Frameworks",
				);
				MACOSX_DEPLOYMENT_TARGET = 26.4;
				MARKETING_VERSION = 1.5.1;
				PRODUCT_BUNDLE_IDENTIFIER = cn.navibeidou.beidou;
				PRODUCT_NAME = "$(TARGET_NAME)";
				PROVISIONING_PROFILE_SPECIFIER = "";
				REGISTER_APP_GROUPS = YES;
				SDKROOT = iphoneos;
				STRING_CATALOG_GENERATE_SYMBOLS = YES;
				SUPPORTED_PLATFORMS = "iphoneos iphonesimulator";
				SUPPORTS_MAC_DESIGNED_FOR_IPHONE_IPAD = NO;
				SUPPORTS_XR_DESIGNED_FOR_IPHONE_IPAD = NO;
				SWIFT_APPROACHABLE_CONCURRENCY = YES;
				SWIFT_DEFAULT_ACTOR_ISOLATION = MainActor;
				SWIFT_EMIT_LOC_STRINGS = YES;
				SWIFT_OBJC_BRIDGING_HEADER = "beidou/beidou-Bridging-Header.h";
				SWIFT_UPCOMING_FEATURE_MEMBER_IMPORT_VISIBILITY = YES;
				SWIFT_VERSION = 5.0;
				TARGETED_DEVICE_FAMILY = "1,2";
				XROS_DEPLOYMENT_TARGET = 26.5;
			};
			name = Release;
		};
/* End XCBuildConfiguration section */

/* Begin XCConfigurationList section */
		88434EBEBA54F42D8F0E90C1 /* Build configuration list for PBXNativeTarget "NaviWidgets" */ = {
			isa = XCConfigurationList;
			buildConfigurations = (
				AD14922F5E14339993B885F3 /* Release */,
				678EC18F43C3CE11D89FF040 /* Debug */,
			);
			defaultConfigurationIsVisible = 0;
			defaultConfigurationName = Release;
		};
		DD3006CF2FD9954F000832DD /* Build configuration list for PBXProject "beidou" */ = {
			isa = XCConfigurationList;
			buildConfigurations = (
				DD3006DF2FD9954F000832DD /* Debug */,
				DD3006E02FD9954F000832DD /* Release */,
			);
			defaultConfigurationIsVisible = 0;
			defaultConfigurationName = Release;
		};
		DD3006E12FD9954F000832DD /* Build configuration list for PBXNativeTarget "beidou" */ = {
			isa = XCConfigurationList;
			buildConfigurations = (
				DD3006E22FD9954F000832DD /* Debug */,
				DD3006E32FD9954F000832DD /* Release */,
			);
			defaultConfigurationIsVisible = 0;
			defaultConfigurationName = Release;
		};
/* End XCConfigurationList section */
	};
	rootObject = DD3006CC2FD9954F000832DD /* Project object */;
}
